
Microsoft Visual Studio Solution File, Format Version 12.00
# Visual Studio Version 17
VisualStudioVersion = 17.8.34511.84
MinimumVisualStudioVersion = 10.0.40219.1
Project("{FAE04EC0-301F-11D3-BF4B-00C04F79EFBC}") = "esport", "esport\esport.csproj", "{4247B900-8870-4BCF-8519-DF759A94E7C8}"
EndProject
Global
	GlobalSection(SolutionConfigurationPlatforms) = preSolution
		Debug|Any CPU = Debug|Any CPU
		Release|Any CPU = Release|Any CPU
	EndGlobalSection
	GlobalSection(ProjectConfigurationPlatforms) = postSolution
		{4247B900-8870-4BCF-8519-DF759A94E7C8}.Debug|Any CPU.ActiveCfg = Debug|Any CPU
		{4247B900-8870-4BCF-8519-DF759A94E7C8}.Debug|Any CPU.Build.0 = Debug|Any CPU
		{4247B900-8870-4BCF-8519-DF759A94E7C8}.Debug|Any CPU.Deploy.0 = Debug|Any CPU
		{4247B900-8870-4BCF-8519-DF759A94E7C8}.Release|Any CPU.ActiveCfg = Release|Any CPU
		{4247B900-8870-4BCF-8519-DF759A94E7C8}.Release|Any CPU.Build.0 = Release|Any CPU
		{4247B900-8870-4BCF-8519-DF759A94E7C8}.Release|Any CPU.Deploy.0 = Release|Any CPU
	EndGlobalSection
	GlobalSection(SolutionProperties) = preSolution
		HideSolutionNode = FALSE
	EndGlobalSection
	GlobalSection(ExtensibilityGlobals) = postSolution
		SolutionGuid = {BE6A786D-B36C-4E16-821E-DEDCE3E26533}
	EndGlobalSection
EndGlobal
